
Microsoft Visual Studio Solution File, Format Version 12.00
# Visual Studio Version 16
VisualStudioVersion = 16.0.33027.164
MinimumVisualStudioVersion = 10.0.40219.1
Project("{FAE04EC0-301F-11D3-BF4B-00C04F79EFBC}") = "HeThongQuanLyNhaThuocLongChau", "HeThongQuanLyNhaThuocLongChau\HeThongQuanLyNhaThuocLongChau.csproj", "{6BD2FE20-FF98-4F0F-9C0E-21147FD74EBE}"
EndProject
Project("{FAE04EC0-301F-11D3-BF4B-00C04F79EFBC}") = "UnitTestHeThongQuanLyNhaThuocLongChau", "UnitTestHeThongQuanLyNhaThuocLongChau\UnitTestHeThongQuanLyNhaThuocLongChau.csproj", "{8CE05D73-7AEF-41D9-8D8F-AC61957158EF}"
EndProject
Global
	GlobalSection(SolutionConfigurationPlatforms) = preSolution
		Debug|Any CPU = Debug|Any CPU
		Release|Any CPU = Release|Any CPU
	EndGlobalSection
	GlobalSection(ProjectConfigurationPlatforms) = postSolution
		{6BD2FE20-FF98-4F0F-9C0E-21147FD74EBE}.Debug|Any CPU.ActiveCfg = Debug|Any CPU
		{6BD2FE20-FF98-4F0F-9C0E-21147FD74EBE}.Debug|Any CPU.Build.0 = Debug|Any CPU
		{6BD2FE20-FF98-4F0F-9C0E-21147FD74EBE}.Release|Any CPU.ActiveCfg = Release|Any CPU
		{6BD2FE20-FF98-4F0F-9C0E-21147FD74EBE}.Release|Any CPU.Build.0 = Release|Any CPU
		{8CE05D73-7AEF-41D9-8D8F-AC61957158EF}.Debug|Any CPU.ActiveCfg = Debug|Any CPU
		{8CE05D73-7AEF-41D9-8D8F-AC61957158EF}.Debug|Any CPU.Build.0 = Debug|Any CPU
		{8CE05D73-7AEF-41D9-8D8F-AC61957158EF}.Release|Any CPU.ActiveCfg = Release|Any CPU
		{8CE05D73-7AEF-41D9-8D8F-AC61957158EF}.Release|Any CPU.Build.0 = Release|Any CPU
	EndGlobalSection
	GlobalSection(SolutionProperties) = preSolution
		HideSolutionNode = FALSE
	EndGlobalSection
	GlobalSection(ExtensibilityGlobals) = postSolution
		SolutionGuid = {F9A53912-ECA0-435C-AE9E-31D5207E9AC6}
	EndGlobalSection
EndGlobal
